
Microsoft Visual Studio Solution File, Format Version 12.00
# Visual Studio 14
VisualStudioVersion = 14.0.23107.0
MinimumVisualStudioVersion = 10.0.40219.1
Project("{8BC9CEB8-8B4A-11D0-8D11-00A0C91BC942}") = "CLIPSDOS", "CLIPSDOS.vcxproj", "{546AFA86-71A4-4233-9513-3D11E455FD1B}"
EndProject
Project("{8BC9CEB8-8B4A-11D0-8D11-00A0C91BC942}") = "CLIPSJNI", "CLIPSJNI.vcxproj", "{E8474BAA-988C-4D8A-9B37-59C2F6A54E8B}"
EndProject
Project("{8BC9CEB8-8B4A-11D0-8D11-00A0C91BC942}") = "CLIPSIDE", "CLIPSIDE.vcxproj", "{FA537670-9905-4730-93B8-F771221DFA22}"
EndProject
Global
	GlobalSection(SolutionConfigurationPlatforms) = preSolution
		Debug|Mixed Platforms = Debug|Mixed Platforms
		Debug|Win32 = Debug|Win32
		Debug|x64 = Debug|x64
		Release|Mixed Platforms = Release|Mixed Platforms
		Release|Win32 = Release|Win32
		Release|x64 = Release|x64
	EndGlobalSection
	GlobalSection(ProjectConfigurationPlatforms) = postSolution
		{546AFA86-71A4-4233-9513-3D11E455FD1B}.Debug|Mixed Platforms.ActiveCfg = Debug|Win32
		{546AFA86-71A4-4233-9513-3D11E455FD1B}.Debug|Mixed Platforms.Build.0 = Debug|Win32
		{546AFA86-71A4-4233-9513-3D11E455FD1B}.Debug|Win32.ActiveCfg = Debug|Win32
		{546AFA86-71A4-4233-9513-3D11E455FD1B}.Debug|Win32.Build.0 = Debug|Win32
		{546AFA86-71A4-4233-9513-3D11E455FD1B}.Debug|x64.ActiveCfg = Debug|x64
		{546AFA86-71A4-4233-9513-3D11E455FD1B}.Debug|x64.Build.0 = Debug|x64
		{546AFA86-71A4-4233-9513-3D11E455FD1B}.Release|Mixed Platforms.ActiveCfg = Release|Win32
		{546AFA86-71A4-4233-9513-3D11E455FD1B}.Release|Mixed Platforms.Build.0 = Release|Win32
		{546AFA86-71A4-4233-9513-3D11E455FD1B}.Release|Win32.ActiveCfg = Release|Win32
		{546AFA86-71A4-4233-9513-3D11E455FD1B}.Release|Win32.Build.0 = Release|Win32
		{546AFA86-71A4-4233-9513-3D11E455FD1B}.Release|x64.ActiveCfg = Release|x64
		{546AFA86-71A4-4233-9513-3D11E455FD1B}.Release|x64.Build.0 = Release|x64
		{E8474BAA-988C-4D8A-9B37-59C2F6A54E8B}.Debug|Mixed Platforms.ActiveCfg = Debug|Win32
		{E8474BAA-988C-4D8A-9B37-59C2F6A54E8B}.Debug|Mixed Platforms.Build.0 = Debug|Win32
		{E8474BAA-988C-4D8A-9B37-59C2F6A54E8B}.Debug|Win32.ActiveCfg = Debug|Win32
		{E8474BAA-988C-4D8A-9B37-59C2F6A54E8B}.Debug|Win32.Build.0 = Debug|Win32
		{E8474BAA-988C-4D8A-9B37-59C2F6A54E8B}.Debug|x64.ActiveCfg = Debug|x64
		{E8474BAA-988C-4D8A-9B37-59C2F6A54E8B}.Debug|x64.Build.0 = Debug|x64
		{E8474BAA-988C-4D8A-9B37-59C2F6A54E8B}.Release|Mixed Platforms.ActiveCfg = Release|Win32
		{E8474BAA-988C-4D8A-9B37-59C2F6A54E8B}.Release|Mixed Platforms.Build.0 = Release|Win32
		{E8474BAA-988C-4D8A-9B37-59C2F6A54E8B}.Release|Win32.ActiveCfg = Release|Win32
		{E8474BAA-988C-4D8A-9B37-59C2F6A54E8B}.Release|Win32.Build.0 = Release|Win32
		{E8474BAA-988C-4D8A-9B37-59C2F6A54E8B}.Release|x64.ActiveCfg = Release|x64
		{E8474BAA-988C-4D8A-9B37-59C2F6A54E8B}.Release|x64.Build.0 = Release|x64
		{FA537670-9905-4730-93B8-F771221DFA22}.Debug|Mixed Platforms.ActiveCfg = Debug|Win32
		{FA537670-9905-4730-93B8-F771221DFA22}.Debug|Mixed Platforms.Build.0 = Debug|Win32
		{FA537670-9905-4730-93B8-F771221DFA22}.Debug|Win32.ActiveCfg = Debug|Win32
		{FA537670-9905-4730-93B8-F771221DFA22}.Debug|Win32.Build.0 = Debug|Win32
		{FA537670-9905-4730-93B8-F771221DFA22}.Debug|x64.ActiveCfg = Debug|x64
		{FA537670-9905-4730-93B8-F771221DFA22}.Debug|x64.Build.0 = Debug|x64
		{FA537670-9905-4730-93B8-F771221DFA22}.Release|Mixed Platforms.ActiveCfg = Release|Win32
		{FA537670-9905-4730-93B8-F771221DFA22}.Release|Mixed Platforms.Build.0 = Release|Win32
		{FA537670-9905-4730-93B8-F771221DFA22}.Release|Win32.ActiveCfg = Release|Win32
		{FA537670-9905-4730-93B8-F771221DFA22}.Release|Win32.Build.0 = Release|Win32
		{FA537670-9905-4730-93B8-F771221DFA22}.Release|x64.ActiveCfg = Release|x64
		{FA537670-9905-4730-93B8-F771221DFA22}.Release|x64.Build.0 = Release|x64
	EndGlobalSection
	GlobalSection(SolutionProperties) = preSolution
		HideSolutionNode = FALSE
	EndGlobalSection
EndGlobal
